
Microsoft Visual Studio Solution File, Format Version 12.00
# Visual Studio Version 16
VisualStudioVersion = 16.0.29519.161
MinimumVisualStudioVersion = 10.0.40219.1
Project("{FAE04EC0-301F-11D3-BF4B-00C04F79EFBC}") = "DG_MultiLanguage", "DG_MultiLanguage.csproj", "{57FFA4FE-F2FA-4C75-9163-1F9BD57A36CE}"
EndProject
Global
	GlobalSection(SolutionConfigurationPlatforms) = preSolution
		Debug|Any CPU = Debug|Any CPU
		Release|Any CPU = Release|Any CPU
	EndGlobalSection
	GlobalSection(ProjectConfigurationPlatforms) = postSolution
		{57FFA4FE-F2FA-4C75-9163-1F9BD57A36CE}.Debug|Any CPU.ActiveCfg = Debug|Any CPU
		{57FFA4FE-F2FA-4C75-9163-1F9BD57A36CE}.Debug|Any CPU.Build.0 = Debug|Any CPU
		{57FFA4FE-F2FA-4C75-9163-1F9BD57A36CE}.Release|Any CPU.ActiveCfg = Release|Any CPU
		{57FFA4FE-F2FA-4C75-9163-1F9BD57A36CE}.Release|Any CPU.Build.0 = Release|Any CPU
	EndGlobalSection
	GlobalSection(SolutionProperties) = preSolution
		HideSolutionNode = FALSE
	EndGlobalSection
	GlobalSection(ExtensibilityGlobals) = postSolution
		SolutionGuid = {094123C1-5287-4E57-815F-1ACC0B916502}
	EndGlobalSection
EndGlobal
